
Microsoft Visual Studio Solution File, Format Version 12.00
# Visual Studio Version 16
VisualStudioVersion = 16.0.32428.217
MinimumVisualStudioVersion = 10.0.40219.1
Project("{FAE04EC0-301F-11D3-BF4B-00C04F79EFBC}") = "WindowsFormsApp1", "WindowsFormsApp1\WindowsFormsApp1.csproj", "{BC072C75-9D87-4913-BCBA-C65E1543A479}"
EndProject
Global
	GlobalSection(SolutionConfigurationPlatforms) = preSolution
		Debug|Any CPU = Debug|Any CPU
		Release|Any CPU = Release|Any CPU
	EndGlobalSection
	GlobalSection(ProjectConfigurationPlatforms) = postSolution
		{BC072C75-9D87-4913-BCBA-C65E1543A479}.Debug|Any CPU.ActiveCfg = Debug|Any CPU
		{BC072C75-9D87-4913-BCBA-C65E1543A479}.Debug|Any CPU.Build.0 = Debug|Any CPU
		{BC072C75-9D87-4913-BCBA-C65E1543A479}.Release|Any CPU.ActiveCfg = Release|Any CPU
		{BC072C75-9D87-4913-BCBA-C65E1543A479}.Release|Any CPU.Build.0 = Release|Any CPU
	EndGlobalSection
	GlobalSection(SolutionProperties) = preSolution
		HideSolutionNode = FALSE
	EndGlobalSection
	GlobalSection(ExtensibilityGlobals) = postSolution
		SolutionGuid = {01103A6C-C8AD-4B6B-B0F3-716C464C3914}
	EndGlobalSection
EndGlobal
